// !$*UTF8*$!
{
	archiveVersion = 1;
	classes = {
	};
	objectVersion = 77;
	objects = {

/* Begin PBXBuildFile section */
		36C47C82544B39E7F618B72E /* Pods_CleanArchitectureAndMVVM.framework in Frameworks */ = {isa = PBXBuildFile; fileRef = 3E54719E268021A1154B2F0C /* Pods_CleanArchitectureAndMVVM.framework */; };
		7DDF3C79EF721F05978EB91F /* Pods_CleanArchitectureAndMVVM_CleanArchitectureAndMVVMUITests.framework in Frameworks */ = {isa = PBXBuildFile; fileRef = 6F9D68196CBE59FB393373D2 /* Pods_CleanArchitectureAndMVVM_CleanArchitectureAndMVVMUITests.framework */; };
		A89CC76447BBF95BBC88A07F /* Pods_CleanArchitectureAndMVVMTests.framework in Frameworks */ = {isa = PBXBuildFile; fileRef = 658008A3ABD3E9334C0CDCD1 /* Pods_CleanArchitectureAndMVVMTests.framework */; };
		CC8F687F2D42237A006C7208 /* .gitignore in Resources */ = {isa = PBXBuildFile; fileRef = CC8F687E2D42237A006C7208 /* .gitignore */; };
		CC8F68852D432237006C7208 /* Config.xcconfig in Resources */ = {isa = PBXBuildFile; fileRef = CC8F68842D432237006C7208 /* Config.xcconfig */; };
/* End PBXBuildFile section */

/* Begin PBXContainerItemProxy section */
		CC8F67E42D41E8FD006C7208 /* PBXContainerItemProxy */ = {
			isa = PBXContainerItemProxy;
			containerPortal = CC8F67C22D41E8FA006C7208 /* Project object */;
			proxyType = 1;
			remoteGlobalIDString = CC8F67C92D41E8FA006C7208;
			remoteInfo = CleanArchitectureAndMVVM;
		};
		CC8F67EE2D41E8FD006C7208 /* PBXContainerItemProxy */ = {
			isa = PBXContainerItemProxy;
			containerPortal = CC8F67C22D41E8FA006C7208 /* Project object */;
			proxyType = 1;
			remoteGlobalIDString = CC8F67C92D41E8FA006C7208;
			remoteInfo = CleanArchitectureAndMVVM;
		};
/* End PBXContainerItemProxy section */

/* Begin PBXFileReference section */
		06578E9E79A5B9CC60658827 /* Pods-CleanArchitectureAndMVVMTests.debug.xcconfig */ = {isa = PBXFileReference; includeInIndex = 1; lastKnownFileType = text.xcconfig; name = "Pods-CleanArchitectureAndMVVMTests.debug.xcconfig"; path = "Target Support Files/Pods-CleanArchitectureAndMVVMTests/Pods-CleanArchitectureAndMVVMTests.debug.xcconfig"; sourceTree = "<group>"; };
		1B42ED7EEBA60A5E9B0488F4 /* Pods-CleanArchitectureAndMVVMTests.release.xcconfig */ = {isa = PBXFileReference; includeInIndex = 1; lastKnownFileType = text.xcconfig; name = "Pods-CleanArchitectureAndMVVMTests.release.xcconfig"; path = "Target Support Files/Pods-CleanArchitectureAndMVVMTests/Pods-CleanArchitectureAndMVVMTests.release.xcconfig"; sourceTree = "<group>"; };
		3E54719E268021A1154B2F0C /* Pods_CleanArchitectureAndMVVM.framework */ = {isa = PBXFileReference; explicitFileType = wrapper.framework; includeInIndex = 0; path = Pods_CleanArchitectureAndMVVM.framework; sourceTree = BUILT_PRODUCTS_DIR; };
		5CF3805C89A5B7B4DBB91C58 /* Pods-CleanArchitectureAndMVVM.debug.xcconfig */ = {isa = PBXFileReference; includeInIndex = 1; lastKnownFileType = text.xcconfig; name = "Pods-CleanArchitectureAndMVVM.debug.xcconfig"; path = "Target Support Files/Pods-CleanArchitectureAndMVVM/Pods-CleanArchitectureAndMVVM.debug.xcconfig"; sourceTree = "<group>"; };
		658008A3ABD3E9334C0CDCD1 /* Pods_CleanArchitectureAndMVVMTests.framework */ = {isa = PBXFileReference; explicitFileType = wrapper.framework; includeInIndex = 0; path = Pods_CleanArchitectureAndMVVMTests.framework; sourceTree = BUILT_PRODUCTS_DIR; };
		6F9D68196CBE59FB393373D2 /* Pods_CleanArchitectureAndMVVM_CleanArchitectureAndMVVMUITests.framework */ = {isa = PBXFileReference; explicitFileType = wrapper.framework; includeInIndex = 0; path = Pods_CleanArchitectureAndMVVM_CleanArchitectureAndMVVMUITests.framework; sourceTree = BUILT_PRODUCTS_DIR; };
		71E1015033F848427D990774 /* Pods-CleanArchitectureAndMVVM-CleanArchitectureAndMVVMUITests.debug.xcconfig */ = {isa = PBXFileReference; includeInIndex = 1; lastKnownFileType = text.xcconfig; name = "Pods-CleanArchitectureAndMVVM-CleanArchitectureAndMVVMUITests.debug.xcconfig"; path = "Target Support Files/Pods-CleanArchitectureAndMVVM-CleanArchitectureAndMVVMUITests/Pods-CleanArchitectureAndMVVM-CleanArchitectureAndMVVMUITests.debug.xcconfig"; sourceTree = "<group>"; };
		CC8F67CA2D41E8FA006C7208 /* CleanArchitectureAndMVVM.app */ = {isa = PBXFileReference; explicitFileType = wrapper.application; includeInIndex = 0; path = CleanArchitectureAndMVVM.app; sourceTree = BUILT_PRODUCTS_DIR; };
		CC8F67E32D41E8FD006C7208 /* CleanArchitectureAndMVVMTests.xctest */ = {isa = PBXFileReference; explicitFileType = wrapper.cfbundle; includeInIndex = 0; path = CleanArchitectureAndMVVMTests.xctest; sourceTree = BUILT_PRODUCTS_DIR; };
		CC8F67ED2D41E8FD006C7208 /* CleanArchitectureAndMVVMUITests.xctest */ = {isa = PBXFileReference; explicitFileType = wrapper.cfbundle; includeInIndex = 0; path = CleanArchitectureAndMVVMUITests.xctest; sourceTree = BUILT_PRODUCTS_DIR; };
		CC8F687E2D42237A006C7208 /* .gitignore */ = {isa = PBXFileReference; lastKnownFileType = text; path = .gitignore; sourceTree = "<group>"; };
		CC8F68842D432237006C7208 /* Config.xcconfig */ = {isa = PBXFileReference; lastKnownFileType = text.xcconfig; path = Config.xcconfig; sourceTree = "<group>"; };
		DD6D73DFE71B377FE5BCC36A /* Pods-CleanArchitectureAndMVVM-CleanArchitectureAndMVVMUITests.release.xcconfig */ = {isa = PBXFileReference; includeInIndex = 1; lastKnownFileType = text.xcconfig; name = "Pods-CleanArchitectureAndMVVM-CleanArchitectureAndMVVMUITests.release.xcconfig"; path = "Target Support Files/Pods-CleanArchitectureAndMVVM-CleanArchitectureAndMVVMUITests/Pods-CleanArchitectureAndMVVM-CleanArchitectureAndMVVMUITests.release.xcconfig"; sourceTree = "<group>"; };
		FD3477E2DE59D6E2D5E0DF3C /* Pods-CleanArchitectureAndMVVM.release.xcconfig */ = {isa = PBXFileReference; includeInIndex = 1; lastKnownFileType = text.xcconfig; name = "Pods-CleanArchitectureAndMVVM.release.xcconfig"; path = "Target Support Files/Pods-CleanArchitectureAndMVVM/Pods-CleanArchitectureAndMVVM.release.xcconfig"; sourceTree = "<group>"; };
/* End PBXFileReference section */

/* Begin PBXFileSystemSynchronizedBuildFileExceptionSet section */
		CC8F67F52D41E8FD006C7208 /* Exceptions for "CleanArchitectureAndMVVM" folder in "CleanArchitectureAndMVVM" target */ = {
			isa = PBXFileSystemSynchronizedBuildFileExceptionSet;
			membershipExceptions = (
				Info.plist,
			);
			target = CC8F67C92D41E8FA006C7208 /* CleanArchitectureAndMVVM */;
		};
/* End PBXFileSystemSynchronizedBuildFileExceptionSet section */

/* Begin PBXFileSystemSynchronizedRootGroup section */
		CC8F67CC2D41E8FA006C7208 /* CleanArchitectureAndMVVM */ = {
			isa = PBXFileSystemSynchronizedRootGroup;
			exceptions = (
				CC8F67F52D41E8FD006C7208 /* Exceptions for "CleanArchitectureAndMVVM" folder in "CleanArchitectureAndMVVM" target */,
			);
			path = CleanArchitectureAndMVVM;
			sourceTree = "<group>";
		};
		CC8F67E62D41E8FD006C7208 /* CleanArchitectureAndMVVMTests */ = {
			isa = PBXFileSystemSynchronizedRootGroup;
			path = CleanArchitectureAndMVVMTests;
			sourceTree = "<group>";
		};
		CC8F67F02D41E8FD006C7208 /* CleanArchitectureAndMVVMUITests */ = {
			isa = PBXFileSystemSynchronizedRootGroup;
			path = CleanArchitectureAndMVVMUITests;
			sourceTree = "<group>";
		};
/* End PBXFileSystemSynchronizedRootGroup section */

/* Begin PBXFrameworksBuildPhase section */
		CC8F67C72D41E8FA006C7208 /* Frameworks */ = {
			isa = PBXFrameworksBuildPhase;
			buildActionMask = 2147483647;
			files = (
				36C47C82544B39E7F618B72E /* Pods_CleanArchitectureAndMVVM.framework in Frameworks */,
			);
			runOnlyForDeploymentPostprocessing = 0;
		};
		CC8F67E02D41E8FD006C7208 /* Frameworks */ = {
			isa = PBXFrameworksBuildPhase;
			buildActionMask = 2147483647;
			files = (
				A89CC76447BBF95BBC88A07F /* Pods_CleanArchitectureAndMVVMTests.framework in Frameworks */,
			);
			runOnlyForDeploymentPostprocessing = 0;
		};
		CC8F67EA2D41E8FD006C7208 /* Frameworks */ = {
			isa = PBXFrameworksBuildPhase;
			buildActionMask = 2147483647;
			files = (
				7DDF3C79EF721F05978EB91F /* Pods_CleanArchitectureAndMVVM_CleanArchitectureAndMVVMUITests.framework in Frameworks */,
			);
			runOnlyForDeploymentPostprocessing = 0;
		};
/* End PBXFrameworksBuildPhase section */

/* Begin PBXGroup section */
		149648CF7E24C95A33D00DC3 /* Pods */ = {
			isa = PBXGroup;
			children = (
				5CF3805C89A5B7B4DBB91C58 /* Pods-CleanArchitectureAndMVVM.debug.xcconfig */,
				FD3477E2DE59D6E2D5E0DF3C /* Pods-CleanArchitectureAndMVVM.release.xcconfig */,
				71E1015033F848427D990774 /* Pods-CleanArchitectureAndMVVM-CleanArchitectureAndMVVMUITests.debug.xcconfig */,
				DD6D73DFE71B377FE5BCC36A /* Pods-CleanArchitectureAndMVVM-CleanArchitectureAndMVVMUITests.release.xcconfig */,
				06578E9E79A5B9CC60658827 /* Pods-CleanArchitectureAndMVVMTests.debug.xcconfig */,
				1B42ED7EEBA60A5E9B0488F4 /* Pods-CleanArchitectureAndMVVMTests.release.xcconfig */,
			);
			path = Pods;
			sourceTree = "<group>";
		};
		95E1A8515991D6A482841683 /* Frameworks */ = {
			isa = PBXGroup;
			children = (
				3E54719E268021A1154B2F0C /* Pods_CleanArchitectureAndMVVM.framework */,
				6F9D68196CBE59FB393373D2 /* Pods_CleanArchitectureAndMVVM_CleanArchitectureAndMVVMUITests.framework */,
				658008A3ABD3E9334C0CDCD1 /* Pods_CleanArchitectureAndMVVMTests.framework */,
			);
			name = Frameworks;
			sourceTree = "<group>";
		};
		CC8F67C12D41E8FA006C7208 = {
			isa = PBXGroup;
			children = (
				CC8F68842D432237006C7208 /* Config.xcconfig */,
				CC8F687E2D42237A006C7208 /* .gitignore */,
				CC8F67CC2D41E8FA006C7208 /* CleanArchitectureAndMVVM */,
				CC8F67E62D41E8FD006C7208 /* CleanArchitectureAndMVVMTests */,
				CC8F67F02D41E8FD006C7208 /* CleanArchitectureAndMVVMUITests */,
				CC8F67CB2D41E8FA006C7208 /* Products */,
				149648CF7E24C95A33D00DC3 /* Pods */,
				95E1A8515991D6A482841683 /* Frameworks */,
			);
			sourceTree = "<group>";
		};
		CC8F67CB2D41E8FA006C7208 /* Products */ = {
			isa = PBXGroup;
			children = (
				CC8F67CA2D41E8FA006C7208 /* CleanArchitectureAndMVVM.app */,
				CC8F67E32D41E8FD006C7208 /* CleanArchitectureAndMVVMTests.xctest */,
				CC8F67ED2D41E8FD006C7208 /* CleanArchitectureAndMVVMUITests.xctest */,
			);
			name = Products;
			sourceTree = "<group>";
		};
/* End PBXGroup section */

/* Begin PBXNativeTarget section */
		CC8F67C92D41E8FA006C7208 /* CleanArchitectureAndMVVM */ = {
			isa = PBXNativeTarget;
			buildConfigurationList = CC8F67F62D41E8FD006C7208 /* Build configuration list for PBXNativeTarget "CleanArchitectureAndMVVM" */;
			buildPhases = (
				5549DECD0DC69811C1544188 /* [CP] Check Pods Manifest.lock */,
				CC8F67C62D41E8FA006C7208 /* Sources */,
				CC8F67C72D41E8FA006C7208 /* Frameworks */,
				CC8F67C82D41E8FA006C7208 /* Resources */,
				CE3F72162F063CF2CFD789FC /* [CP] Embed Pods Frameworks */,
			);
			buildRules = (
			);
			dependencies = (
			);
			fileSystemSynchronizedGroups = (
				CC8F67CC2D41E8FA006C7208 /* CleanArchitectureAndMVVM */,
			);
			name = CleanArchitectureAndMVVM;
			productName = CleanArchitectureAndMVVM;
			productReference = CC8F67CA2D41E8FA006C7208 /* CleanArchitectureAndMVVM.app */;
			productType = "com.apple.product-type.application";
		};
		CC8F67E22D41E8FD006C7208 /* CleanArchitectureAndMVVMTests */ = {
			isa = PBXNativeTarget;
			buildConfigurationList = CC8F67FB2D41E8FD006C7208 /* Build configuration list for PBXNativeTarget "CleanArchitectureAndMVVMTests" */;
			buildPhases = (
				E8EBF850E06F1EC51A805254 /* [CP] Check Pods Manifest.lock */,
				CC8F67DF2D41E8FD006C7208 /* Sources */,
				CC8F67E02D41E8FD006C7208 /* Frameworks */,
				CC8F67E12D41E8FD006C7208 /* Resources */,
			);
			buildRules = (
			);
			dependencies = (
				CC8F67E52D41E8FD006C7208 /* PBXTargetDependency */,
			);
			fileSystemSynchronizedGroups = (
				CC8F67E62D41E8FD006C7208 /* CleanArchitectureAndMVVMTests */,
			);
			name = CleanArchitectureAndMVVMTests;
			productName = CleanArchitectureAndMVVMTests;
			productReference = CC8F67E32D41E8FD006C7208 /* CleanArchitectureAndMVVMTests.xctest */;
			productType = "com.apple.product-type.bundle.unit-test";
		};
		CC8F67EC2D41E8FD006C7208 /* CleanArchitectureAndMVVMUITests */ = {
			isa = PBXNativeTarget;
			buildConfigurationList = CC8F67FE2D41E8FD006C7208 /* Build configuration list for PBXNativeTarget "CleanArchitectureAndMVVMUITests" */;
			buildPhases = (
				1B78AB9FCE95549FED514942 /* [CP] Check Pods Manifest.lock */,
				CC8F67E92D41E8FD006C7208 /* Sources */,
				CC8F67EA2D41E8FD006C7208 /* Frameworks */,
				CC8F67EB2D41E8FD006C7208 /* Resources */,
				B7A7B2510D2539F1A648FF5B /* [CP] Embed Pods Frameworks */,
			);
			buildRules = (
			);
			dependencies = (
				CC8F67EF2D41E8FD006C7208 /* PBXTargetDependency */,
			);
			fileSystemSynchronizedGroups = (
				CC8F67F02D41E8FD006C7208 /* CleanArchitectureAndMVVMUITests */,
			);
			name = CleanArchitectureAndMVVMUITests;
			productName = CleanArchitectureAndMVVMUITests;
			productReference = CC8F67ED2D41E8FD006C7208 /* CleanArchitectureAndMVVMUITests.xctest */;
			productType = "com.apple.product-type.bundle.ui-testing";
		};
/* End PBXNativeTarget section */

/* Begin PBXProject section */
		CC8F67C22D41E8FA006C7208 /* Project object */ = {
			isa = PBXProject;
			attributes = {
				BuildIndependentTargetsInParallel = 1;
				LastSwiftUpdateCheck = 1610;
				LastUpgradeCheck = 1610;
				TargetAttributes = {
					CC8F67C92D41E8FA006C7208 = {
						CreatedOnToolsVersion = 16.1;
					};
					CC8F67E22D41E8FD006C7208 = {
						CreatedOnToolsVersion = 16.1;
						TestTargetID = CC8F67C92D41E8FA006C7208;
					};
					CC8F67EC2D41E8FD006C7208 = {
						CreatedOnToolsVersion = 16.1;
						TestTargetID = CC8F67C92D41E8FA006C7208;
					};
				};
			};
			buildConfigurationList = CC8F67C52D41E8FA006C7208 /* Build configuration list for PBXProject "CleanArchitectureAndMVVM" */;
			developmentRegion = en;
			hasScannedForEncodings = 0;
			knownRegions = (
				en,
				Base,
			);
			mainGroup = CC8F67C12D41E8FA006C7208;
			minimizedProjectReferenceProxies = 1;
			preferredProjectObjectVersion = 77;
			productRefGroup = CC8F67CB2D41E8FA006C7208 /* Products */;
			projectDirPath = "";
			projectRoot = "";
			targets = (
				CC8F67C92D41E8FA006C7208 /* CleanArchitectureAndMVVM */,
				CC8F67E22D41E8FD006C7208 /* CleanArchitectureAndMVVMTests */,
				CC8F67EC2D41E8FD006C7208 /* CleanArchitectureAndMVVMUITests */,
			);
		};
/* End PBXProject section */

/* Begin PBXResourcesBuildPhase section */
		CC8F67C82D41E8FA006C7208 /* Resources */ = {
			isa = PBXResourcesBuildPhase;
			buildActionMask = 2147483647;
			files = (
				CC8F68852D432237006C7208 /* Config.xcconfig in Resources */,
				CC8F687F2D42237A006C7208 /* .gitignore in Resources */,
			);
			runOnlyForDeploymentPostprocessing = 0;
		};
		CC8F67E12D41E8FD006C7208 /* Resources */ = {
			isa = PBXResourcesBuildPhase;
			buildActionMask = 2147483647;
			files = (
			);
			runOnlyForDeploymentPostprocessing = 0;
		};
		CC8F67EB2D41E8FD006C7208 /* Resources */ = {
			isa = PBXResourcesBuildPhase;
			buildActionMask = 2147483647;
			files = (
			);
			runOnlyForDeploymentPostprocessing = 0;
		};
/* End PBXResourcesBuildPhase section */

/* Begin PBXShellScriptBuildPhase section */
		1B78AB9FCE95549FED514942 /* [CP] Check Pods Manifest.lock */ = {
			isa = PBXShellScriptBuildPhase;
			buildActionMask = 2147483647;
			files = (
			);
			inputFileListPaths = (
			);
			inputPaths = (
				"${PODS_PODFILE_DIR_PATH}/Podfile.lock",
				"${PODS_ROOT}/Manifest.lock",
			);
			name = "[CP] Check Pods Manifest.lock";
			outputFileListPaths = (
			);
			outputPaths = (
				"$(DERIVED_FILE_DIR)/Pods-CleanArchitectureAndMVVM-CleanArchitectureAndMVVMUITests-checkManifestLockResult.txt",
			);
			runOnlyForDeploymentPostprocessing = 0;
			shellPath = /bin/sh;
			shellScript = "diff \"${PODS_PODFILE_DIR_PATH}/Podfile.lock\" \"${PODS_ROOT}/Manifest.lock\" > /dev/null\nif [ $? != 0 ] ; then\n    # print error to STDERR\n    echo \"error: The sandbox is not in sync with the Podfile.lock. Run 'pod install' or update your CocoaPods installation.\" >&2\n    exit 1\nfi\n# This output is used by Xcode 'outputs' to avoid re-running this script phase.\necho \"SUCCESS\" > \"${SCRIPT_OUTPUT_FILE_0}\"\n";
			showEnvVarsInLog = 0;
		};
		5549DECD0DC69811C1544188 /* [CP] Check Pods Manifest.lock */ = {
			isa = PBXShellScriptBuildPhase;
			buildActionMask = 2147483647;
			files = (
			);
			inputFileListPaths = (
			);
			inputPaths = (
				"${PODS_PODFILE_DIR_PATH}/Podfile.lock",
				"${PODS_ROOT}/Manifest.lock",
			);
			name = "[CP] Check Pods Manifest.lock";
			outputFileListPaths = (
			);
			outputPaths = (
				"$(DERIVED_FILE_DIR)/Pods-CleanArchitectureAndMVVM-checkManifestLockResult.txt",
			);
			runOnlyForDeploymentPostprocessing = 0;
			shellPath = /bin/sh;
			shellScript = "diff \"${PODS_PODFILE_DIR_PATH}/Podfile.lock\" \"${PODS_ROOT}/Manifest.lock\" > /dev/null\nif [ $? != 0 ] ; then\n    # print error to STDERR\n    echo \"error: The sandbox is not in sync with the Podfile.lock. Run 'pod install' or update your CocoaPods installation.\" >&2\n    exit 1\nfi\n# This output is used by Xcode 'outputs' to avoid re-running this script phase.\necho \"SUCCESS\" > \"${SCRIPT_OUTPUT_FILE_0}\"\n";
			showEnvVarsInLog = 0;
		};
		B7A7B2510D2539F1A648FF5B /* [CP] Embed Pods Frameworks */ = {
			isa = PBXShellScriptBuildPhase;
			buildActionMask = 2147483647;
			files = (
			);
			inputFileListPaths = (
				"${PODS_ROOT}/Target Support Files/Pods-CleanArchitectureAndMVVM-CleanArchitectureAndMVVMUITests/Pods-CleanArchitectureAndMVVM-CleanArchitectureAndMVVMUITests-frameworks-${CONFIGURATION}-input-files.xcfilelist",
			);
			name = "[CP] Embed Pods Frameworks";
			outputFileListPaths = (
				"${PODS_ROOT}/Target Support Files/Pods-CleanArchitectureAndMVVM-CleanArchitectureAndMVVMUITests/Pods-CleanArchitectureAndMVVM-CleanArchitectureAndMVVMUITests-frameworks-${CONFIGURATION}-output-files.xcfilelist",
			);
			runOnlyForDeploymentPostprocessing = 0;
			shellPath = /bin/sh;
			shellScript = "\"${PODS_ROOT}/Target Support Files/Pods-CleanArchitectureAndMVVM-CleanArchitectureAndMVVMUITests/Pods-CleanArchitectureAndMVVM-CleanArchitectureAndMVVMUITests-frameworks.sh\"\n";
			showEnvVarsInLog = 0;
		};
		CE3F72162F063CF2CFD789FC /* [CP] Embed Pods Frameworks */ = {
			isa = PBXShellScriptBuildPhase;
			buildActionMask = 2147483647;
			files = (
			);
			inputFileListPaths = (
				"${PODS_ROOT}/Target Support Files/Pods-CleanArchitectureAndMVVM/Pods-CleanArchitectureAndMVVM-frameworks-${CONFIGURATION}-input-files.xcfilelist",
			);
			name = "[CP] Embed Pods Frameworks";
			outputFileListPaths = (
				"${PODS_ROOT}/Target Support Files/Pods-CleanArchitectureAndMVVM/Pods-CleanArchitectureAndMVVM-frameworks-${CONFIGURATION}-output-files.xcfilelist",
			);
			runOnlyForDeploymentPostprocessing = 0;
			shellPath = /bin/sh;
			shellScript = "\"${PODS_ROOT}/Target Support Files/Pods-CleanArchitectureAndMVVM/Pods-CleanArchitectureAndMVVM-frameworks.sh\"\n";
			showEnvVarsInLog = 0;
		};
		E8EBF850E06F1EC51A805254 /* [CP] Check Pods Manifest.lock */ = {
			isa = PBXShellScriptBuildPhase;
			buildActionMask = 2147483647;
			files = (
			);
			inputFileListPaths = (
			);
			inputPaths = (
				"${PODS_PODFILE_DIR_PATH}/Podfile.lock",
				"${PODS_ROOT}/Manifest.lock",
			);
			name = "[CP] Check Pods Manifest.lock";
			outputFileListPaths = (
			);
			outputPaths = (
				"$(DERIVED_FILE_DIR)/Pods-CleanArchitectureAndMVVMTests-checkManifestLockResult.txt",
			);
			runOnlyForDeploymentPostprocessing = 0;
			shellPath = /bin/sh;
			shellScript = "diff \"${PODS_PODFILE_DIR_PATH}/Podfile.lock\" \"${PODS_ROOT}/Manifest.lock\" > /dev/null\nif [ $? != 0 ] ; then\n    # print error to STDERR\n    echo \"error: The sandbox is not in sync with the Podfile.lock. Run 'pod install' or update your CocoaPods installation.\" >&2\n    exit 1\nfi\n# This output is used by Xcode 'outputs' to avoid re-running this script phase.\necho \"SUCCESS\" > \"${SCRIPT_OUTPUT_FILE_0}\"\n";
			showEnvVarsInLog = 0;
		};
/* End PBXShellScriptBuildPhase section */

/* Begin PBXSourcesBuildPhase section */
		CC8F67C62D41E8FA006C7208 /* Sources */ = {
			isa = PBXSourcesBuildPhase;
			buildActionMask = 2147483647;
			files = (
			);
			runOnlyForDeploymentPostprocessing = 0;
		};
		CC8F67DF2D41E8FD006C7208 /* Sources */ = {
			isa = PBXSourcesBuildPhase;
			buildActionMask = 2147483647;
			files = (
			);
			runOnlyForDeploymentPostprocessing = 0;
		};
		CC8F67E92D41E8FD006C7208 /* Sources */ = {
			isa = PBXSourcesBuildPhase;
			buildActionMask = 2147483647;
			files = (
			);
			runOnlyForDeploymentPostprocessing = 0;
		};
/* End PBXSourcesBuildPhase section */

/* Begin PBXTargetDependency section */
		CC8F67E52D41E8FD006C7208 /* PBXTargetDependency */ = {
			isa = PBXTargetDependency;
			target = CC8F67C92D41E8FA006C7208 /* CleanArchitectureAndMVVM */;
			targetProxy = CC8F67E42D41E8FD006C7208 /* PBXContainerItemProxy */;
		};
		CC8F67EF2D41E8FD006C7208 /* PBXTargetDependency */ = {
			isa = PBXTargetDependency;
			target = CC8F67C92D41E8FA006C7208 /* CleanArchitectureAndMVVM */;
			targetProxy = CC8F67EE2D41E8FD006C7208 /* PBXContainerItemProxy */;
		};
/* End PBXTargetDependency section */

/* Begin XCBuildConfiguration section */
		CC8F67F72D41E8FD006C7208 /* Debug */ = {
			isa = XCBuildConfiguration;
			baseConfigurationReference = 5CF3805C89A5B7B4DBB91C58 /* Pods-CleanArchitectureAndMVVM.debug.xcconfig */;
			buildSettings = {
				ASSETCATALOG_COMPILER_APPICON_NAME = AppIcon;
				ASSETCATALOG_COMPILER_GLOBAL_ACCENT_COLOR_NAME = AccentColor;
				CODE_SIGN_STYLE = Automatic;
				CURRENT_PROJECT_VERSION = 1;
				DEVELOPMENT_TEAM = 5RULM9TM7R;
				GENERATE_INFOPLIST_FILE = YES;
				INFOPLIST_FILE = CleanArchitectureAndMVVM/Info.plist;
				INFOPLIST_KEY_UIApplicationSupportsIndirectInputEvents = YES;
				INFOPLIST_KEY_UILaunchStoryboardName = LaunchScreen;
				INFOPLIST_KEY_UISupportedInterfaceOrientations_iPad = "UIInterfaceOrientationPortrait UIInterfaceOrientationPortraitUpsideDown UIInterfaceOrientationLandscapeLeft UIInterfaceOrientationLandscapeRight";
				INFOPLIST_KEY_UISupportedInterfaceOrientations_iPhone = "UIInterfaceOrientationPortrait UIInterfaceOrientationLandscapeLeft UIInterfaceOrientationLandscapeRight";
				LD_RUNPATH_SEARCH_PATHS = (
					"$(inherited)",
					"@executable_path/Frameworks",
				);
				MARKETING_VERSION = 1.0;
				PRODUCT_BUNDLE_IDENTIFIER = com.palrang22.CleanArchitectureAndMVVM;
				PRODUCT_NAME = "$(TARGET_NAME)";
				SUPPORTED_PLATFORMS = "iphoneos iphonesimulator";
				SUPPORTS_MACCATALYST = NO;
				SUPPORTS_XR_DESIGNED_FOR_IPHONE_IPAD = NO;
				SWIFT_EMIT_LOC_STRINGS = YES;
				SWIFT_VERSION = 5.0;
				TARGETED_DEVICE_FAMILY = 1;
			};
			name = Debug;
		};
		CC8F67F82D41E8FD006C7208 /* Release */ = {
			isa = XCBuildConfiguration;
			baseConfigurationReference = FD3477E2DE59D6E2D5E0DF3C /* Pods-CleanArchitectureAndMVVM.release.xcconfig */;
			buildSettings = {
				ASSETCATALOG_COMPILER_APPICON_NAME = AppIcon;
				ASSETCATALOG_COMPILER_GLOBAL_ACCENT_COLOR_NAME = AccentColor;
				CODE_SIGN_STYLE = Automatic;
				CURRENT_PROJECT_VERSION = 1;
				DEVELOPMENT_TEAM = 5RULM9TM7R;
				GENERATE_INFOPLIST_FILE = YES;
				INFOPLIST_FILE = CleanArchitectureAndMVVM/Info.plist;
				INFOPLIST_KEY_UIApplicationSupportsIndirectInputEvents = YES;
				INFOPLIST_KEY_UILaunchStoryboardName = LaunchScreen;
				INFOPLIST_KEY_UISupportedInterfaceOrientations_iPad = "UIInterfaceOrientationPortrait UIInterfaceOrientationPortraitUpsideDown UIInterfaceOrientationLandscapeLeft UIInterfaceOrientationLandscapeRight";
				INFOPLIST_KEY_UISupportedInterfaceOrientations_iPhone = "UIInterfaceOrientationPortrait UIInterfaceOrientationLandscapeLeft UIInterfaceOrientationLandscapeRight";
				LD_RUNPATH_SEARCH_PATHS = (
					"$(inherited)",
					"@executable_path/Frameworks",
				);
				MARKETING_VERSION = 1.0;
				PRODUCT_BUNDLE_IDENTIFIER = com.palrang22.CleanArchitectureAndMVVM;
				PRODUCT_NAME = "$(TARGET_NAME)";
				SUPPORTED_PLATFORMS = "iphoneos iphonesimulator";
				SUPPORTS_MACCATALYST = NO;
				SUPPORTS_XR_DESIGNED_FOR_IPHONE_IPAD = NO;
				SWIFT_EMIT_LOC_STRINGS = YES;
				SWIFT_VERSION = 5.0;
				TARGETED_DEVICE_FAMILY = 1;
			};
			name = Release;
		};
		CC8F67F92D41E8FD006C7208 /* Debug */ = {
			isa = XCBuildConfiguration;
			baseConfigurationReference = CC8F68842D432237006C7208 /* Config.xcconfig */;
			buildSettings = {
				ALWAYS_SEARCH_USER_PATHS = NO;
				ASSETCATALOG_COMPILER_GENERATE_SWIFT_ASSET_SYMBOL_EXTENSIONS = YES;
				CLANG_ANALYZER_NONNULL = YES;
				CLANG_ANALYZER_NUMBER_OBJECT_CONVERSION = YES_AGGRESSIVE;
				CLANG_CXX_LANGUAGE_STANDARD = "gnu++20";
				CLANG_ENABLE_MODULES = YES;
				CLANG_ENABLE_OBJC_ARC = YES;
				CLANG_ENABLE_OBJC_WEAK = YES;
				CLANG_WARN_BLOCK_CAPTURE_AUTORELEASING = YES;
				CLANG_WARN_BOOL_CONVERSION = YES;
				CLANG_WARN_COMMA = YES;
				CLANG_WARN_CONSTANT_CONVERSION = YES;
				CLANG_WARN_DEPRECATED_OBJC_IMPLEMENTATIONS = YES;
				CLANG_WARN_DIRECT_OBJC_ISA_USAGE = YES_ERROR;
				CLANG_WARN_DOCUMENTATION_COMMENTS = YES;
				CLANG_WARN_EMPTY_BODY = YES;
				CLANG_WARN_ENUM_CONVERSION = YES;
				CLANG_WARN_INFINITE_RECURSION = YES;
				CLANG_WARN_INT_CONVERSION = YES;
				CLANG_WARN_NON_LITERAL_NULL_CONVERSION = YES;
				CLANG_WARN_OBJC_IMPLICIT_RETAIN_SELF = YES;
				CLANG_WARN_OBJC_LITERAL_CONVERSION = YES;
				CLANG_WARN_OBJC_ROOT_CLASS = YES_ERROR;
				CLANG_WARN_QUOTED_INCLUDE_IN_FRAMEWORK_HEADER = YES;
				CLANG_WARN_RANGE_LOOP_ANALYSIS = YES;
				CLANG_WARN_STRICT_PROTOTYPES = YES;
				CLANG_WARN_SUSPICIOUS_MOVE = YES;
				CLANG_WARN_UNGUARDED_AVAILABILITY = YES_AGGRESSIVE;
				CLANG_WARN_UNREACHABLE_CODE = YES;
				CLANG_WARN__DUPLICATE_METHOD_MATCH = YES;
				COPY_PHASE_STRIP = NO;
				DEBUG_INFORMATION_FORMAT = dwarf;
				ENABLE_STRICT_OBJC_MSGSEND = YES;
				ENABLE_TESTABILITY = YES;
				ENABLE_USER_SCRIPT_SANDBOXING = NO;
				GCC_C_LANGUAGE_STANDARD = gnu17;
				GCC_DYNAMIC_NO_PIC = NO;
				GCC_NO_COMMON_BLOCKS = YES;
				GCC_OPTIMIZATION_LEVEL = 0;
				GCC_PREPROCESSOR_DEFINITIONS = (
					"DEBUG=1",
					"$(inherited)",
				);
				GCC_WARN_64_TO_32_BIT_CONVERSION = YES;
				GCC_WARN_ABOUT_RETURN_TYPE = YES_ERROR;
				GCC_WARN_UNDECLARED_SELECTOR = YES;
				GCC_WARN_UNINITIALIZED_AUTOS = YES_AGGRESSIVE;
				GCC_WARN_UNUSED_FUNCTION = YES;
				GCC_WARN_UNUSED_VARIABLE = YES;
				IPHONEOS_DEPLOYMENT_TARGET = 18.1;
				LOCALIZATION_PREFERS_STRING_CATALOGS = YES;
				MTL_ENABLE_DEBUG_INFO = INCLUDE_SOURCE;
				MTL_FAST_MATH = YES;
				ONLY_ACTIVE_ARCH = YES;
				SDKROOT = iphoneos;
				SWIFT_ACTIVE_COMPILATION_CONDITIONS = "DEBUG $(inherited)";
				SWIFT_OPTIMIZATION_LEVEL = "-Onone";
			};
			name = Debug;
		};
		CC8F67FA2D41E8FD006C7208 /* Release */ = {
			isa = XCBuildConfiguration;
			baseConfigurationReference = CC8F68842D432237006C7208 /* Config.xcconfig */;
			buildSettings = {
				ALWAYS_SEARCH_USER_PATHS = NO;
				ASSETCATALOG_COMPILER_GENERATE_SWIFT_ASSET_SYMBOL_EXTENSIONS = YES;
				CLANG_ANALYZER_NONNULL = YES;
				CLANG_ANALYZER_NUMBER_OBJECT_CONVERSION = YES_AGGRESSIVE;
				CLANG_CXX_LANGUAGE_STANDARD = "gnu++20";
				CLANG_ENABLE_MODULES = YES;
				CLANG_ENABLE_OBJC_ARC = YES;
				CLANG_ENABLE_OBJC_WEAK = YES;
				CLANG_WARN_BLOCK_CAPTURE_AUTORELEASING = YES;
				CLANG_WARN_BOOL_CONVERSION = YES;
				CLANG_WARN_COMMA = YES;
				CLANG_WARN_CONSTANT_CONVERSION = YES;
				CLANG_WARN_DEPRECATED_OBJC_IMPLEMENTATIONS = YES;
				CLANG_WARN_DIRECT_OBJC_ISA_USAGE = YES_ERROR;
				CLANG_WARN_DOCUMENTATION_COMMENTS = YES;
				CLANG_WARN_EMPTY_BODY = YES;
				CLANG_WARN_ENUM_CONVERSION = YES;
				CLANG_WARN_INFINITE_RECURSION = YES;
				CLANG_WARN_INT_CONVERSION = YES;
				CLANG_WARN_NON_LITERAL_NULL_CONVERSION = YES;
				CLANG_WARN_OBJC_IMPLICIT_RETAIN_SELF = YES;
				CLANG_WARN_OBJC_LITERAL_CONVERSION = YES;
				CLANG_WARN_OBJC_ROOT_CLASS = YES_ERROR;
				CLANG_WARN_QUOTED_INCLUDE_IN_FRAMEWORK_HEADER = YES;
				CLANG_WARN_RANGE_LOOP_ANALYSIS = YES;
				CLANG_WARN_STRICT_PROTOTYPES = YES;
				CLANG_WARN_SUSPICIOUS_MOVE = YES;
				CLANG_WARN_UNGUARDED_AVAILABILITY = YES_AGGRESSIVE;
				CLANG_WARN_UNREACHABLE_CODE = YES;
				CLANG_WARN__DUPLICATE_METHOD_MATCH = YES;
				COPY_PHASE_STRIP = NO;
				DEBUG_INFORMATION_FORMAT = "dwarf-with-dsym";
				ENABLE_NS_ASSERTIONS = NO;
				ENABLE_STRICT_OBJC_MSGSEND = YES;
				ENABLE_USER_SCRIPT_SANDBOXING = NO;
				GCC_C_LANGUAGE_STANDARD = gnu17;
				GCC_NO_COMMON_BLOCKS = YES;
				GCC_WARN_64_TO_32_BIT_CONVERSION = YES;
				GCC_WARN_ABOUT_RETURN_TYPE = YES_ERROR;
				GCC_WARN_UNDECLARED_SELECTOR = YES;
				GCC_WARN_UNINITIALIZED_AUTOS = YES_AGGRESSIVE;
				GCC_WARN_UNUSED_FUNCTION = YES;
				GCC_WARN_UNUSED_VARIABLE = YES;
				IPHONEOS_DEPLOYMENT_TARGET = 18.1;
				LOCALIZATION_PREFERS_STRING_CATALOGS = YES;
				MTL_ENABLE_DEBUG_INFO = NO;
				MTL_FAST_MATH = YES;
				SDKROOT = iphoneos;
				SWIFT_COMPILATION_MODE = wholemodule;
				VALIDATE_PRODUCT = YES;
			};
			name = Release;
		};
		CC8F67FC2D41E8FD006C7208 /* Debug */ = {
			isa = XCBuildConfiguration;
			baseConfigurationReference = 06578E9E79A5B9CC60658827 /* Pods-CleanArchitectureAndMVVMTests.debug.xcconfig */;
			buildSettings = {
				BUNDLE_LOADER = "$(TEST_HOST)";
				CODE_SIGN_STYLE = Automatic;
				CURRENT_PROJECT_VERSION = 1;
				DEVELOPMENT_TEAM = 5RULM9TM7R;
				GENERATE_INFOPLIST_FILE = YES;
				IPHONEOS_DEPLOYMENT_TARGET = 18.1;
				MARKETING_VERSION = 1.0;
				PRODUCT_BUNDLE_IDENTIFIER = com.palrang22.CleanArchitectureAndMVVMTests;
				PRODUCT_NAME = "$(TARGET_NAME)";
				SWIFT_EMIT_LOC_STRINGS = NO;
				SWIFT_VERSION = 5.0;
				TARGETED_DEVICE_FAMILY = "1,2";
				TEST_HOST = "$(BUILT_PRODUCTS_DIR)/CleanArchitectureAndMVVM.app/$(BUNDLE_EXECUTABLE_FOLDER_PATH)/CleanArchitectureAndMVVM";
			};
			name = Debug;
		};
		CC8F67FD2D41E8FD006C7208 /* Release */ = {
			isa = XCBuildConfiguration;
			baseConfigurationReference = 1B42ED7EEBA60A5E9B0488F4 /* Pods-CleanArchitectureAndMVVMTests.release.xcconfig */;
			buildSettings = {
				BUNDLE_LOADER = "$(TEST_HOST)";
				CODE_SIGN_STYLE = Automatic;
				CURRENT_PROJECT_VERSION = 1;
				DEVELOPMENT_TEAM = 5RULM9TM7R;
				GENERATE_INFOPLIST_FILE = YES;
				IPHONEOS_DEPLOYMENT_TARGET = 18.1;
				MARKETING_VERSION = 1.0;
				PRODUCT_BUNDLE_IDENTIFIER = com.palrang22.CleanArchitectureAndMVVMTests;
				PRODUCT_NAME = "$(TARGET_NAME)";
				SWIFT_EMIT_LOC_STRINGS = NO;
				SWIFT_VERSION = 5.0;
				TARGETED_DEVICE_FAMILY = "1,2";
				TEST_HOST = "$(BUILT_PRODUCTS_DIR)/CleanArchitectureAndMVVM.app/$(BUNDLE_EXECUTABLE_FOLDER_PATH)/CleanArchitectureAndMVVM";
			};
			name = Release;
		};
		CC8F67FF2D41E8FD006C7208 /* Debug */ = {
			isa = XCBuildConfiguration;
			baseConfigurationReference = 71E1015033F848427D990774 /* Pods-CleanArchitectureAndMVVM-CleanArchitectureAndMVVMUITests.debug.xcconfig */;
			buildSettings = {
				CODE_SIGN_STYLE = Automatic;
				CURRENT_PROJECT_VERSION = 1;
				DEVELOPMENT_TEAM = 5RULM9TM7R;
				GENERATE_INFOPLIST_FILE = YES;
				MARKETING_VERSION = 1.0;
				PRODUCT_BUNDLE_IDENTIFIER = com.palrang22.CleanArchitectureAndMVVMUITests;
				PRODUCT_NAME = "$(TARGET_NAME)";
				SWIFT_EMIT_LOC_STRINGS = NO;
				SWIFT_VERSION = 5.0;
				TARGETED_DEVICE_FAMILY = "1,2";
				TEST_TARGET_NAME = CleanArchitectureAndMVVM;
			};
			name = Debug;
		};
		CC8F68002D41E8FD006C7208 /* Release */ = {
			isa = XCBuildConfiguration;
			baseConfigurationReference = DD6D73DFE71B377FE5BCC36A /* Pods-CleanArchitectureAndMVVM-CleanArchitectureAndMVVMUITests.release.xcconfig */;
			buildSettings = {
				CODE_SIGN_STYLE = Automatic;
				CURRENT_PROJECT_VERSION = 1;
				DEVELOPMENT_TEAM = 5RULM9TM7R;
				GENERATE_INFOPLIST_FILE = YES;
				MARKETING_VERSION = 1.0;
				PRODUCT_BUNDLE_IDENTIFIER = com.palrang22.CleanArchitectureAndMVVMUITests;
				PRODUCT_NAME = "$(TARGET_NAME)";
				SWIFT_EMIT_LOC_STRINGS = NO;
				SWIFT_VERSION = 5.0;
				TARGETED_DEVICE_FAMILY = "1,2";
				TEST_TARGET_NAME = CleanArchitectureAndMVVM;
			};
			name = Release;
		};
/* End XCBuildConfiguration section */

/* Begin XCConfigurationList section */
		CC8F67C52D41E8FA006C7208 /* Build configuration list for PBXProject "CleanArchitectureAndMVVM" */ = {
			isa = XCConfigurationList;
			buildConfigurations = (
				CC8F67F92D41E8FD006C7208 /* Debug */,
				CC8F67FA2D41E8FD006C7208 /* Release */,
			);
			defaultConfigurationIsVisible = 0;
			defaultConfigurationName = Release;
		};
		CC8F67F62D41E8FD006C7208 /* Build configuration list for PBXNativeTarget "CleanArchitectureAndMVVM" */ = {
			isa = XCConfigurationList;
			buildConfigurations = (
				CC8F67F72D41E8FD006C7208 /* Debug */,
				CC8F67F82D41E8FD006C7208 /* Release */,
			);
			defaultConfigurationIsVisible = 0;
			defaultConfigurationName = Release;
		};
		CC8F67FB2D41E8FD006C7208 /* Build configuration list for PBXNativeTarget "CleanArchitectureAndMVVMTests" */ = {
			isa = XCConfigurationList;
			buildConfigurations = (
				CC8F67FC2D41E8FD006C7208 /* Debug */,
				CC8F67FD2D41E8FD006C7208 /* Release */,
			);
			defaultConfigurationIsVisible = 0;
			defaultConfigurationName = Release;
		};
		CC8F67FE2D41E8FD006C7208 /* Build configuration list for PBXNativeTarget "CleanArchitectureAndMVVMUITests" */ = {
			isa = XCConfigurationList;
			buildConfigurations = (
				CC8F67FF2D41E8FD006C7208 /* Debug */,
				CC8F68002D41E8FD006C7208 /* Release */,
			);
			defaultConfigurationIsVisible = 0;
			defaultConfigurationName = Release;
		};
/* End XCConfigurationList section */
	};
	rootObject = CC8F67C22D41E8FA006C7208 /* Project object */;
}
